
Microsoft Visual Studio Solution File, Format Version 12.00
# Visual Studio Version 17
VisualStudioVersion = 17.10.34928.147
MinimumVisualStudioVersion = 10.0.40219.1
Project("{FAE04EC0-301F-11D3-BF4B-00C04F79EFBC}") = "EmployeeAdminPortal", "EmployeeAdminPortal\EmployeeAdminPortal.csproj", "{599364D5-8AB1-4460-965C-CC2A6A9B892D}"
EndProject
Global
	GlobalSection(SolutionConfigurationPlatforms) = preSolution
		Debug|Any CPU = Debug|Any CPU
		Release|Any CPU = Release|Any CPU
	EndGlobalSection
	GlobalSection(ProjectConfigurationPlatforms) = postSolution
		{599364D5-8AB1-4460-965C-CC2A6A9B892D}.Debug|Any CPU.ActiveCfg = Debug|Any CPU
		{599364D5-8AB1-4460-965C-CC2A6A9B892D}.Debug|Any CPU.Build.0 = Debug|Any CPU
		{599364D5-8AB1-4460-965C-CC2A6A9B892D}.Release|Any CPU.ActiveCfg = Release|Any CPU
		{599364D5-8AB1-4460-965C-CC2A6A9B892D}.Release|Any CPU.Build.0 = Release|Any CPU
	EndGlobalSection
	GlobalSection(SolutionProperties) = preSolution
		HideSolutionNode = FALSE
	EndGlobalSection
	GlobalSection(ExtensibilityGlobals) = postSolution
		SolutionGuid = {2E6C6BF9-8EFC-4364-B569-AE7AA31C3FDD}
	EndGlobalSection
EndGlobal
